Microsoft Visual Studio Solution File, Format Version 12.00
# Visual Studio Version 17
VisualStudioVersion = 17.5.2.0
MinimumVisualStudioVersion = 10.0.40219.1
Project("{FAE04EC0-301F-11D3-BF4B-00C04F79EFBC}") = "docx-injector", "docx-injector\docx-injector.csproj", "{34431672-2CFA-7A92-043A-5FBBD3C2BCE3}"
EndProject
Global
	GlobalSection(SolutionConfigurationPlatforms) = preSolution
		Debug|Any CPU = Debug|Any CPU
		Release|Any CPU = Release|Any CPU
	EndGlobalSection
	GlobalSection(ProjectConfigurationPlatforms) = postSolution
		{34431672-2CFA-7A92-043A-5FBBD3C2BCE3}.Debug|Any CPU.ActiveCfg = Debug|Any CPU
		{34431672-2CFA-7A92-043A-5FBBD3C2BCE3}.Debug|Any CPU.Build.0 = Debug|Any CPU
		{34431672-2CFA-7A92-043A-5FBBD3C2BCE3}.Release|Any CPU.ActiveCfg = Release|Any CPU
		{34431672-2CFA-7A92-043A-5FBBD3C2BCE3}.Release|Any CPU.Build.0 = Release|Any CPU
	EndGlobalSection
	GlobalSection(SolutionProperties) = preSolution
		HideSolutionNode = FALSE
	EndGlobalSection
	GlobalSection(ExtensibilityGlobals) = postSolution
		SolutionGuid = {B35BF945-589E-4829-B321-3BABFC0EDC58}
	EndGlobalSection
EndGlobal
